
Microsoft Visual Studio Solution File, Format Version 12.00
# Visual Studio Version 17
VisualStudioVersion = 17.4.33205.214
MinimumVisualStudioVersion = 10.0.40219.1
Project("{9A19103F-16F7-4668-BE54-9A1E7A4F7556}") = "Exercise Nr1", "Exercise Nr1\Exercise Nr1.csproj", "{72819257-2508-47A9-8C8C-2CBD47306A15}"
EndProject
Project("{FAE04EC0-301F-11D3-BF4B-00C04F79EFBC}") = "ExerciseNr2 and Nr3", "ExerciseNr2\ExerciseNr2 and Nr3.csproj", "{FCF51740-DCE4-4AE0-B13B-56A0ACD1251A}"
EndProject
Global
	GlobalSection(SolutionConfigurationPlatforms) = preSolution
		Debug|Any CPU = Debug|Any CPU
		Release|Any CPU = Release|Any CPU
	EndGlobalSection
	GlobalSection(ProjectConfigurationPlatforms) = postSolution
		{72819257-2508-47A9-8C8C-2CBD47306A15}.Debug|Any CPU.ActiveCfg = Debug|Any CPU
		{72819257-2508-47A9-8C8C-2CBD47306A15}.Debug|Any CPU.Build.0 = Debug|Any CPU
		{72819257-2508-47A9-8C8C-2CBD47306A15}.Release|Any CPU.ActiveCfg = Release|Any CPU
		{72819257-2508-47A9-8C8C-2CBD47306A15}.Release|Any CPU.Build.0 = Release|Any CPU
		{FCF51740-DCE4-4AE0-B13B-56A0ACD1251A}.Debug|Any CPU.ActiveCfg = Debug|Any CPU
		{FCF51740-DCE4-4AE0-B13B-56A0ACD1251A}.Debug|Any CPU.Build.0 = Debug|Any CPU
		{FCF51740-DCE4-4AE0-B13B-56A0ACD1251A}.Release|Any CPU.ActiveCfg = Release|Any CPU
		{FCF51740-DCE4-4AE0-B13B-56A0ACD1251A}.Release|Any CPU.Build.0 = Release|Any CPU
	EndGlobalSection
	GlobalSection(SolutionProperties) = preSolution
		HideSolutionNode = FALSE
	EndGlobalSection
	GlobalSection(ExtensibilityGlobals) = postSolution
		SolutionGuid = {96DD63CE-950A-4C6E-B477-1FE982759E22}
	EndGlobalSection
EndGlobal
